// !$*UTF8*$!
{
	archiveVersion = 1;
	classes = {
	};
	objectVersion = 50;
	objects = {

/* Begin PBXBuildFile section */
		DB2CC52D25C790690069B10A /* BarCodeScannerApp.swift in Sources */ = {isa = PBXBuildFile; fileRef = DB2CC52C25C790690069B10A /* BarCodeScannerApp.swift */; };
		DB2CC52F25C790690069B10A /* ContentView.swift in Sources */ = {isa = PBXBuildFile; fileRef = DB2CC52E25C790690069B10A /* ContentView.swift */; };
		DB2CC53125C7906D0069B10A /* Assets.xcassets in Resources */ = {isa = PBXBuildFile; fileRef = DB2CC53025C7906D0069B10A /* Assets.xcassets */; };
		DB2CC53425C7906D0069B10A /* Preview Assets.xcassets in Resources */ = {isa = PBXBuildFile; fileRef = DB2CC53325C7906D0069B10A /* Preview Assets.xcassets */; };
		DB2CC53D25C791590069B10A /* BarCodeScannerMainView.swift in Sources */ = {isa = PBXBuildFile; fileRef = DB2CC53C25C791590069B10A /* BarCodeScannerMainView.swift */; };
		DB2CC54325C794B60069B10A /* TitleTop.swift in Sources */ = {isa = PBXBuildFile; fileRef = DB2CC54225C794B60069B10A /* TitleTop.swift */; };
		DB2CC54825C796290069B10A /* IconLabel.swift in Sources */ = {isa = PBXBuildFile; fileRef = DB2CC54725C796290069B10A /* IconLabel.swift */; };
		DB2CC54B25C79DF60069B10A /* ColorManager.swift in Sources */ = {isa = PBXBuildFile; fileRef = DB2CC54A25C79DF60069B10A /* ColorManager.swift */; };
		DB2CC54F25C79F550069B10A /* StatusMessage.swift in Sources */ = {isa = PBXBuildFile; fileRef = DB2CC54E25C79F550069B10A /* StatusMessage.swift */; };
/* End PBXBuildFile section */

/* Begin PBXFileReference section */
		DB2CC52925C790690069B10A /* BarCodeScanner.app */ = {isa = PBXFileReference; explicitFileType = wrapper.application; includeInIndex = 0; path = BarCodeScanner.app; sourceTree = BUILT_PRODUCTS_DIR; };
		DB2CC52C25C790690069B10A /* BarCodeScannerApp.swift */ = {isa = PBXFileReference; lastKnownFileType = sourcecode.swift; path = BarCodeScannerApp.swift; sourceTree = "<group>"; };
		DB2CC52E25C790690069B10A /* ContentView.swift */ = {isa = PBXFileReference; lastKnownFileType = sourcecode.swift; path = ContentView.swift; sourceTree = "<group>"; };
		DB2CC53025C7906D0069B10A /* Assets.xcassets */ = {isa = PBXFileReference; lastKnownFileType = folder.assetcatalog; path = Assets.xcassets; sourceTree = "<group>"; };
		DB2CC53325C7906D0069B10A /* Preview Assets.xcassets */ = {isa = PBXFileReference; lastKnownFileType = folder.assetcatalog; path = "Preview Assets.xcassets"; sourceTree = "<group>"; };
		DB2CC53525C7906D0069B10A /* Info.plist */ = {isa = PBXFileReference; lastKnownFileType = text.plist.xml; path = Info.plist; sourceTree = "<group>"; };
		DB2CC53C25C791590069B10A /* BarCodeScannerMainView.swift */ = {isa = PBXFileReference; lastKnownFileType = sourcecode.swift; path = BarCodeScannerMainView.swift; sourceTree = "<group>"; };
		DB2CC54225C794B60069B10A /* TitleTop.swift */ = {isa = PBXFileReference; lastKnownFileType = sourcecode.swift; path = TitleTop.swift; sourceTree = "<group>"; };
		DB2CC54725C796290069B10A /* IconLabel.swift */ = {isa = PBXFileReference; lastKnownFileType = sourcecode.swift; path = IconLabel.swift; sourceTree = "<group>"; };
		DB2CC54A25C79DF60069B10A /* ColorManager.swift */ = {isa = PBXFileReference; lastKnownFileType = sourcecode.swift; path = ColorManager.swift; sourceTree = "<group>"; };
		DB2CC54E25C79F550069B10A /* StatusMessage.swift */ = {isa = PBXFileReference; lastKnownFileType = sourcecode.swift; path = StatusMessage.swift; sourceTree = "<group>"; };
/* End PBXFileReference section */

/* Begin PBXFrameworksBuildPhase section */
		DB2CC52625C790690069B10A /* Frameworks */ = {
			isa = PBXFrameworksBuildPhase;
			buildActionMask = 2147483647;
			files = (
			);
			runOnlyForDeploymentPostprocessing = 0;
		};
/* End PBXFrameworksBuildPhase section */

/* Begin PBXGroup section */
		DB2CC52025C790690069B10A = {
			isa = PBXGroup;
			children = (
				DB2CC52B25C790690069B10A /* BarCodeScanner */,
				DB2CC52A25C790690069B10A /* Products */,
			);
			sourceTree = "<group>";
		};
		DB2CC52A25C790690069B10A /* Products */ = {
			isa = PBXGroup;
			children = (
				DB2CC52925C790690069B10A /* BarCodeScanner.app */,
			);
			name = Products;
			sourceTree = "<group>";
		};
		DB2CC52B25C790690069B10A /* BarCodeScanner */ = {
			isa = PBXGroup;
			children = (
				DB2CC53F25C794630069B10A /* views */,
				DB2CC52C25C790690069B10A /* BarCodeScannerApp.swift */,
				DB2CC52E25C790690069B10A /* ContentView.swift */,
				DB2CC53025C7906D0069B10A /* Assets.xcassets */,
				DB2CC53525C7906D0069B10A /* Info.plist */,
				DB2CC53225C7906D0069B10A /* Preview Content */,
			);
			path = BarCodeScanner;
			sourceTree = "<group>";
		};
		DB2CC53225C7906D0069B10A /* Preview Content */ = {
			isa = PBXGroup;
			children = (
				DB2CC53325C7906D0069B10A /* Preview Assets.xcassets */,
			);
			path = "Preview Content";
			sourceTree = "<group>";
		};
		DB2CC53F25C794630069B10A /* views */ = {
			isa = PBXGroup;
			children = (
				DB2CC54125C794820069B10A /* common */,
				DB2CC54025C794740069B10A /* barcode */,
			);
			path = views;
			sourceTree = "<group>";
		};
		DB2CC54025C794740069B10A /* barcode */ = {
			isa = PBXGroup;
			children = (
				DB2CC53C25C791590069B10A /* BarCodeScannerMainView.swift */,
			);
			path = barcode;
			sourceTree = "<group>";
		};
		DB2CC54125C794820069B10A /* common */ = {
			isa = PBXGroup;
			children = (
				DB2CC54225C794B60069B10A /* TitleTop.swift */,
				DB2CC54725C796290069B10A /* IconLabel.swift */,
				DB2CC54A25C79DF60069B10A /* ColorManager.swift */,
				DB2CC54E25C79F550069B10A /* StatusMessage.swift */,
			);
			path = common;
			sourceTree = "<group>";
		};
/* End PBXGroup section */

/* Begin PBXNativeTarget section */
		DB2CC52825C790690069B10A /* BarCodeScanner */ = {
			isa = PBXNativeTarget;
			buildConfigurationList = DB2CC53825C7906D0069B10A /* Build configuration list for PBXNativeTarget "BarCodeScanner" */;
			buildPhases = (
				DB2CC52525C790690069B10A /* Sources */,
				DB2CC52625C790690069B10A /* Frameworks */,
				DB2CC52725C790690069B10A /* Resources */,
			);
			buildRules = (
			);
			dependencies = (
			);
			name = BarCodeScanner;
			productName = BarCodeScanner;
			productReference = DB2CC52925C790690069B10A /* BarCodeScanner.app */;
			productType = "com.apple.product-type.application";
		};
/* End PBXNativeTarget section */

/* Begin PBXProject section */
		DB2CC52125C790690069B10A /* Project object */ = {
			isa = PBXProject;
			attributes = {
				LastSwiftUpdateCheck = 1230;
				LastUpgradeCheck = 1230;
				TargetAttributes = {
					DB2CC52825C790690069B10A = {
						CreatedOnToolsVersion = 12.3;
					};
				};
			};
			buildConfigurationList = DB2CC52425C790690069B10A /* Build configuration list for PBXProject "BarCodeScanner" */;
			compatibilityVersion = "Xcode 9.3";
			developmentRegion = en;
			hasScannedForEncodings = 0;
			knownRegions = (
				en,
				Base,
			);
			mainGroup = DB2CC52025C790690069B10A;
			productRefGroup = DB2CC52A25C790690069B10A /* Products */;
			projectDirPath = "";
			projectRoot = "";
			targets = (
				DB2CC52825C790690069B10A /* BarCodeScanner */,
			);
		};
/* End PBXProject section */

/* Begin PBXResourcesBuildPhase section */
		DB2CC52725C790690069B10A /* Resources */ = {
			isa = PBXResourcesBuildPhase;
			buildActionMask = 2147483647;
			files = (
				DB2CC53425C7906D0069B10A /* Preview Assets.xcassets in Resources */,
				DB2CC53125C7906D0069B10A /* Assets.xcassets in Resources */,
			);
			runOnlyForDeploymentPostprocessing = 0;
		};
/* End PBXResourcesBuildPhase section */

/* Begin PBXSourcesBuildPhase section */
		DB2CC52525C790690069B10A /* Sources */ = {
			isa = PBXSourcesBuildPhase;
			buildActionMask = 2147483647;
			files = (
				DB2CC53D25C791590069B10A /* BarCodeScannerMainView.swift in Sources */,
				DB2CC54825C796290069B10A /* IconLabel.swift in Sources */,
				DB2CC54F25C79F550069B10A /* StatusMessage.swift in Sources */,
				DB2CC52F25C790690069B10A /* ContentView.swift in Sources */,
				DB2CC54B25C79DF60069B10A /* ColorManager.swift in Sources */,
				DB2CC54325C794B60069B10A /* TitleTop.swift in Sources */,
				DB2CC52D25C790690069B10A /* BarCodeScannerApp.swift in Sources */,
			);
			runOnlyForDeploymentPostprocessing = 0;
		};
/* End PBXSourcesBuildPhase section */

/* Begin XCBuildConfiguration section */
		DB2CC53625C7906D0069B10A /* Debug */ = {
			isa = XCBuildConfiguration;
			buildSettings = {
				ALWAYS_SEARCH_USER_PATHS = NO;
				CLANG_ANALYZER_NONNULL = YES;
				CLANG_ANALYZER_NUMBER_OBJECT_CONVERSION = YES_AGGRESSIVE;
				CLANG_CXX_LANGUAGE_STANDARD = "gnu++14";
				CLANG_CXX_LIBRARY = "libc++";
				CLANG_ENABLE_MODULES = YES;
				CLANG_ENABLE_OBJC_ARC = YES;
				CLANG_ENABLE_OBJC_WEAK = YES;
				CLANG_WARN_BLOCK_CAPTURE_AUTORELEASING = YES;
				CLANG_WARN_BOOL_CONVERSION = YES;
				CLANG_WARN_COMMA = YES;
				CLANG_WARN_CONSTANT_CONVERSION = YES;
				CLANG_WARN_DEPRECATED_OBJC_IMPLEMENTATIONS = YES;
				CLANG_WARN_DIRECT_OBJC_ISA_USAGE = YES_ERROR;
				CLANG_WARN_DOCUMENTATION_COMMENTS = YES;
				CLANG_WARN_EMPTY_BODY = YES;
				CLANG_WARN_ENUM_CONVERSION = YES;
				CLANG_WARN_INFINITE_RECURSION = YES;
				CLANG_WARN_INT_CONVERSION = YES;
				CLANG_WARN_NON_LITERAL_NULL_CONVERSION = YES;
				CLANG_WARN_OBJC_IMPLICIT_RETAIN_SELF = YES;
				CLANG_WARN_OBJC_LITERAL_CONVERSION = YES;
				CLANG_WARN_OBJC_ROOT_CLASS = YES_ERROR;
				CLANG_WARN_QUOTED_INCLUDE_IN_FRAMEWORK_HEADER = YES;
				CLANG_WARN_RANGE_LOOP_ANALYSIS = YES;
				CLANG_WARN_STRICT_PROTOTYPES = YES;
				CLANG_WARN_SUSPICIOUS_MOVE = YES;
				CLANG_WARN_UNGUARDED_AVAILABILITY = YES_AGGRESSIVE;
				CLANG_WARN_UNREACHABLE_CODE = YES;
				CLANG_WARN__DUPLICATE_METHOD_MATCH = YES;
				COPY_PHASE_STRIP = NO;
				DEBUG_INFORMATION_FORMAT = dwarf;
				ENABLE_STRICT_OBJC_MSGSEND = YES;
				ENABLE_TESTABILITY = YES;
				GCC_C_LANGUAGE_STANDARD = gnu11;
				GCC_DYNAMIC_NO_PIC = NO;
				GCC_NO_COMMON_BLOCKS = YES;
				GCC_OPTIMIZATION_LEVEL = 0;
				GCC_PREPROCESSOR_DEFINITIONS = (
					"DEBUG=1",
					"$(inherited)",
				);
				GCC_WARN_64_TO_32_BIT_CONVERSION = YES;
				GCC_WARN_ABOUT_RETURN_TYPE = YES_ERROR;
				GCC_WARN_UNDECLARED_SELECTOR = YES;
				GCC_WARN_UNINITIALIZED_AUTOS = YES_AGGRESSIVE;
				GCC_WARN_UNUSED_FUNCTION = YES;
				GCC_WARN_UNUSED_VARIABLE = YES;
				IPHONEOS_DEPLOYMENT_TARGET = 14.3;
				MTL_ENABLE_DEBUG_INFO = INCLUDE_SOURCE;
				MTL_FAST_MATH = YES;
				ONLY_ACTIVE_ARCH = YES;
				SDKROOT = iphoneos;
				SWIFT_ACTIVE_COMPILATION_CONDITIONS = DEBUG;
				SWIFT_OPTIMIZATION_LEVEL = "-Onone";
			};
			name = Debug;
		};
		DB2CC53725C7906D0069B10A /* Release */ = {
			isa = XCBuildConfiguration;
			buildSettings = {
				ALWAYS_SEARCH_USER_PATHS = NO;
				CLANG_ANALYZER_NONNULL = YES;
				CLANG_ANALYZER_NUMBER_OBJECT_CONVERSION = YES_AGGRESSIVE;
				CLANG_CXX_LANGUAGE_STANDARD = "gnu++14";
				CLANG_CXX_LIBRARY = "libc++";
				CLANG_ENABLE_MODULES = YES;
				CLANG_ENABLE_OBJC_ARC = YES;
				CLANG_ENABLE_OBJC_WEAK = YES;
				CLANG_WARN_BLOCK_CAPTURE_AUTORELEASING = YES;
				CLANG_WARN_BOOL_CONVERSION = YES;
				CLANG_WARN_COMMA = YES;
				CLANG_WARN_CONSTANT_CONVERSION = YES;
				CLANG_WARN_DEPRECATED_OBJC_IMPLEMENTATIONS = YES;
				CLANG_WARN_DIRECT_OBJC_ISA_USAGE = YES_ERROR;
				CLANG_WARN_DOCUMENTATION_COMMENTS = YES;
				CLANG_WARN_EMPTY_BODY = YES;
				CLANG_WARN_ENUM_CONVERSION = YES;
				CLANG_WARN_INFINITE_RECURSION = YES;
				CLANG_WARN_INT_CONVERSION = YES;
				CLANG_WARN_NON_LITERAL_NULL_CONVERSION = YES;
				CLANG_WARN_OBJC_IMPLICIT_RETAIN_SELF = YES;
				CLANG_WARN_OBJC_LITERAL_CONVERSION = YES;
				CLANG_WARN_OBJC_ROOT_CLASS = YES_ERROR;
				CLANG_WARN_QUOTED_INCLUDE_IN_FRAMEWORK_HEADER = YES;
				CLANG_WARN_RANGE_LOOP_ANALYSIS = YES;
				CLANG_WARN_STRICT_PROTOTYPES = YES;
				CLANG_WARN_SUSPICIOUS_MOVE = YES;
				CLANG_WARN_UNGUARDED_AVAILABILITY = YES_AGGRESSIVE;
				CLANG_WARN_UNREACHABLE_CODE = YES;
				CLANG_WARN__DUPLICATE_METHOD_MATCH = YES;
				COPY_PHASE_STRIP = NO;
				DEBUG_INFORMATION_FORMAT = "dwarf-with-dsym";
				ENABLE_NS_ASSERTIONS = NO;
				ENABLE_STRICT_OBJC_MSGSEND = YES;
				GCC_C_LANGUAGE_STANDARD = gnu11;
				GCC_NO_COMMON_BLOCKS = YES;
				GCC_WARN_64_TO_32_BIT_CONVERSION = YES;
				GCC_WARN_ABOUT_RETURN_TYPE = YES_ERROR;
				GCC_WARN_UNDECLARED_SELECTOR = YES;
				GCC_WARN_UNINITIALIZED_AUTOS = YES_AGGRESSIVE;
				GCC_WARN_UNUSED_FUNCTION = YES;
				GCC_WARN_UNUSED_VARIABLE = YES;
				IPHONEOS_DEPLOYMENT_TARGET = 14.3;
				MTL_ENABLE_DEBUG_INFO = NO;
				MTL_FAST_MATH = YES;
				SDKROOT = iphoneos;
				SWIFT_COMPILATION_MODE = wholemodule;
				SWIFT_OPTIMIZATION_LEVEL = "-O";
				VALIDATE_PRODUCT = YES;
			};
			name = Release;
		};
		DB2CC53925C7906D0069B10A /* Debug */ = {
			isa = XCBuildConfiguration;
			buildSettings = {
				ASSETCATALOG_COMPILER_APPICON_NAME = AppIcon;
				ASSETCATALOG_COMPILER_GLOBAL_ACCENT_COLOR_NAME = AccentColor;
				CODE_SIGN_STYLE = Automatic;
				DEVELOPMENT_ASSET_PATHS = "\"BarCodeScanner/Preview Content\"";
				ENABLE_PREVIEWS = YES;
				INFOPLIST_FILE = BarCodeScanner/Info.plist;
				IPHONEOS_DEPLOYMENT_TARGET = 14.0;
				LD_RUNPATH_SEARCH_PATHS = (
					"$(inherited)",
					"@executable_path/Frameworks",
				);
				PRODUCT_BUNDLE_IDENTIFIER = io.trainingtrack.BarCodeScanner;
				PRODUCT_NAME = "$(TARGET_NAME)";
				SWIFT_VERSION = 5.0;
				TARGETED_DEVICE_FAMILY = "1,2";
			};
			name = Debug;
		};
		DB2CC53A25C7906D0069B10A /* Release */ = {
			isa = XCBuildConfiguration;
			buildSettings = {
				ASSETCATALOG_COMPILER_APPICON_NAME = AppIcon;
				ASSETCATALOG_COMPILER_GLOBAL_ACCENT_COLOR_NAME = AccentColor;
				CODE_SIGN_STYLE = Automatic;
				DEVELOPMENT_ASSET_PATHS = "\"BarCodeScanner/Preview Content\"";
				ENABLE_PREVIEWS = YES;
				INFOPLIST_FILE = BarCodeScanner/Info.plist;
				IPHONEOS_DEPLOYMENT_TARGET = 14.0;
				LD_RUNPATH_SEARCH_PATHS = (
					"$(inherited)",
					"@executable_path/Frameworks",
				);
				PRODUCT_BUNDLE_IDENTIFIER = io.trainingtrack.BarCodeScanner;
				PRODUCT_NAME = "$(TARGET_NAME)";
				SWIFT_VERSION = 5.0;
				TARGETED_DEVICE_FAMILY = "1,2";
			};
			name = Release;
		};
/* End XCBuildConfiguration section */

/* Begin XCConfigurationList section */
		DB2CC52425C790690069B10A /* Build configuration list for PBXProject "BarCodeScanner" */ = {
			isa = XCConfigurationList;
			buildConfigurations = (
				DB2CC53625C7906D0069B10A /* Debug */,
				DB2CC53725C7906D0069B10A /* Release */,
			);
			defaultConfigurationIsVisible = 0;
			defaultConfigurationName = Release;
		};
		DB2CC53825C7906D0069B10A /* Build configuration list for PBXNativeTarget "BarCodeScanner" */ = {
			isa = XCConfigurationList;
			buildConfigurations = (
				DB2CC53925C7906D0069B10A /* Debug */,
				DB2CC53A25C7906D0069B10A /* Release */,
			);
			defaultConfigurationIsVisible = 0;
			defaultConfigurationName = Release;
		};
/* End XCConfigurationList section */
	};
	rootObject = DB2CC52125C790690069B10A /* Project object */;
}
